
Microsoft Visual Studio Solution File, Format Version 12.00
# Visual Studio Version 17
VisualStudioVersion = 17.7.34221.43
MinimumVisualStudioVersion = 10.0.40219.1
Project("{FAE04EC0-301F-11D3-BF4B-00C04F79EFBC}") = "MvcWebIdentity", "MvcWebIdentity\MvcWebIdentity.csproj", "{131E725D-CD92-447E-B80E-13033D38B8B9}"
EndProject
Global
	GlobalSection(SolutionConfigurationPlatforms) = preSolution
		Debug|Any CPU = Debug|Any CPU
		Release|Any CPU = Release|Any CPU
	EndGlobalSection
	GlobalSection(ProjectConfigurationPlatforms) = postSolution
		{131E725D-CD92-447E-B80E-13033D38B8B9}.Debug|Any CPU.ActiveCfg = Debug|Any CPU
		{131E725D-CD92-447E-B80E-13033D38B8B9}.Debug|Any CPU.Build.0 = Debug|Any CPU
		{131E725D-CD92-447E-B80E-13033D38B8B9}.Release|Any CPU.ActiveCfg = Release|Any CPU
		{131E725D-CD92-447E-B80E-13033D38B8B9}.Release|Any CPU.Build.0 = Release|Any CPU
	EndGlobalSection
	GlobalSection(SolutionProperties) = preSolution
		HideSolutionNode = FALSE
	EndGlobalSection
	GlobalSection(ExtensibilityGlobals) = postSolution
		SolutionGuid = {93E04E8F-8504-48BD-8542-A6D663D3A1BB}
	EndGlobalSection
EndGlobal
